
Microsoft Visual Studio Solution File, Format Version 12.00
# Visual Studio Version 17
VisualStudioVersion = 17.9.34701.34
MinimumVisualStudioVersion = 10.0.40219.1
Project("{FAE04EC0-301F-11D3-BF4B-00C04F79EFBC}") = "webapp", "webapp\webapp.csproj", "{202760BD-E68C-49C6-884F-C98DE5D1916E}"
EndProject
Global
	GlobalSection(SolutionConfigurationPlatforms) = preSolution
		Debug|Any CPU = Debug|Any CPU
		Release|Any CPU = Release|Any CPU
	EndGlobalSection
	GlobalSection(ProjectConfigurationPlatforms) = postSolution
		{202760BD-E68C-49C6-884F-C98DE5D1916E}.Debug|Any CPU.ActiveCfg = Debug|Any CPU
		{202760BD-E68C-49C6-884F-C98DE5D1916E}.Debug|Any CPU.Build.0 = Debug|Any CPU
		{202760BD-E68C-49C6-884F-C98DE5D1916E}.Release|Any CPU.ActiveCfg = Release|Any CPU
		{202760BD-E68C-49C6-884F-C98DE5D1916E}.Release|Any CPU.Build.0 = Release|Any CPU
	EndGlobalSection
	GlobalSection(SolutionProperties) = preSolution
		HideSolutionNode = FALSE
	EndGlobalSection
	GlobalSection(ExtensibilityGlobals) = postSolution
		SolutionGuid = {2654E0D4-88C3-4358-B4A1-308CEAD01C24}
	EndGlobalSection
EndGlobal
